
Microsoft Visual Studio Solution File, Format Version 12.00
# Visual Studio Version 16
VisualStudioVersion = 16.0.29123.88
MinimumVisualStudioVersion = 10.0.40219.1
Project("{8BC9CEB8-8B4A-11D0-8D11-00A0C91BC942}") = "1.4", "1.4.vcxproj", "{F0803127-B6FC-48E7-B512-F2F20AECDB20}"
EndProject
Global
	GlobalSection(SolutionConfigurationPlatforms) = preSolution
		Debug|x64 = Debug|x64
		Debug|x86 = Debug|x86
		Release|x64 = Release|x64
		Release|x86 = Release|x86
	EndGlobalSection
	GlobalSection(ProjectConfigurationPlatforms) = postSolution
		{F0803127-B6FC-48E7-B512-F2F20AECDB20}.Debug|x64.ActiveCfg = Debug|x64
		{F0803127-B6FC-48E7-B512-F2F20AECDB20}.Debug|x64.Build.0 = Debug|x64
		{F0803127-B6FC-48E7-B512-F2F20AECDB20}.Debug|x86.ActiveCfg = Debug|Win32
		{F0803127-B6FC-48E7-B512-F2F20AECDB20}.Debug|x86.Build.0 = Debug|Win32
		{F0803127-B6FC-48E7-B512-F2F20AECDB20}.Release|x64.ActiveCfg = Release|x64
		{F0803127-B6FC-48E7-B512-F2F20AECDB20}.Release|x64.Build.0 = Release|x64
		{F0803127-B6FC-48E7-B512-F2F20AECDB20}.Release|x86.ActiveCfg = Release|Win32
		{F0803127-B6FC-48E7-B512-F2F20AECDB20}.Release|x86.Build.0 = Release|Win32
	EndGlobalSection
	GlobalSection(SolutionProperties) = preSolution
		HideSolutionNode = FALSE
	EndGlobalSection
	GlobalSection(ExtensibilityGlobals) = postSolution
		SolutionGuid = {D829BF23-EB03-4221-B86E-46041E748B4E}
	EndGlobalSection
EndGlobal
