
Microsoft Visual Studio Solution File, Format Version 12.00
# Visual Studio Version 16
VisualStudioVersion = 16.0.29123.88
MinimumVisualStudioVersion = 10.0.40219.1
Project("{8BC9CEB8-8B4A-11D0-8D11-00A0C91BC942}") = "2.4", "2.4.vcxproj", "{74A98496-62D6-4373-85F7-72805C8CBD94}"
EndProject
Global
	GlobalSection(SolutionConfigurationPlatforms) = preSolution
		Debug|x64 = Debug|x64
		Debug|x86 = Debug|x86
		Release|x64 = Release|x64
		Release|x86 = Release|x86
	EndGlobalSection
	GlobalSection(ProjectConfigurationPlatforms) = postSolution
		{74A98496-62D6-4373-85F7-72805C8CBD94}.Debug|x64.ActiveCfg = Debug|x64
		{74A98496-62D6-4373-85F7-72805C8CBD94}.Debug|x64.Build.0 = Debug|x64
		{74A98496-62D6-4373-85F7-72805C8CBD94}.Debug|x86.ActiveCfg = Debug|Win32
		{74A98496-62D6-4373-85F7-72805C8CBD94}.Debug|x86.Build.0 = Debug|Win32
		{74A98496-62D6-4373-85F7-72805C8CBD94}.Release|x64.ActiveCfg = Release|x64
		{74A98496-62D6-4373-85F7-72805C8CBD94}.Release|x64.Build.0 = Release|x64
		{74A98496-62D6-4373-85F7-72805C8CBD94}.Release|x86.ActiveCfg = Release|Win32
		{74A98496-62D6-4373-85F7-72805C8CBD94}.Release|x86.Build.0 = Release|Win32
	EndGlobalSection
	GlobalSection(SolutionProperties) = preSolution
		HideSolutionNode = FALSE
	EndGlobalSection
	GlobalSection(ExtensibilityGlobals) = postSolution
		SolutionGuid = {91E62E3D-1B16-4CE6-BF7E-6F6F7906D47E}
	EndGlobalSection
EndGlobal
